
Microsoft Visual Studio Solution File, Format Version 12.00
# Visual Studio 14
VisualStudioVersion = 14.0.25420.1
MinimumVisualStudioVersion = 10.0.40219.1
Project("{2150E333-8FDC-42A3-9474-1A3956D46DE8}") = "应用", "应用", "{7F73062C-5D88-4D56-92DF-9C100C815105}"
EndProject
Project("{FAE04EC0-301F-11D3-BF4B-00C04F79EFBC}") = "YYG.Web.Application", "YYG.Web.Application\YYG.Web.Application.csproj", "{EF454C0D-210B-4C15-817B-A578FE3F88E4}"
	ProjectSection(ProjectDependencies) = postProject
		{27FE3646-66A7-4E98-A40C-2A736E7BBCD8} = {27FE3646-66A7-4E98-A40C-2A736E7BBCD8}
		{7DA97BE2-FFC3-4A21-A041-6AC7D6F8F169} = {7DA97BE2-FFC3-4A21-A041-6AC7D6F8F169}
	EndProjectSection
EndProject
Project("{FAE04EC0-301F-11D3-BF4B-00C04F79EFBC}") = "YYG.Web.API", "YYG.Web.API\YYG.Web.API.csproj", "{FB69845E-76BC-4BEF-B387-6DBE7CE43A54}"
	ProjectSection(ProjectDependencies) = postProject
		{27FE3646-66A7-4E98-A40C-2A736E7BBCD8} = {27FE3646-66A7-4E98-A40C-2A736E7BBCD8}
		{7DA97BE2-FFC3-4A21-A041-6AC7D6F8F169} = {7DA97BE2-FFC3-4A21-A041-6AC7D6F8F169}
	EndProjectSection
EndProject
Project("{FAE04EC0-301F-11D3-BF4B-00C04F79EFBC}") = "YYG.Console", "YYG.Console\YYG.Console.csproj", "{2E87F9F5-94A3-4E2D-8097-AAF4FBAC5E6F}"
	ProjectSection(ProjectDependencies) = postProject
		{27FE3646-66A7-4E98-A40C-2A736E7BBCD8} = {27FE3646-66A7-4E98-A40C-2A736E7BBCD8}
		{2D084D46-3122-4900-AF9A-96CEDB01D2F1} = {2D084D46-3122-4900-AF9A-96CEDB01D2F1}
		{7DA97BE2-FFC3-4A21-A041-6AC7D6F8F169} = {7DA97BE2-FFC3-4A21-A041-6AC7D6F8F169}
	EndProjectSection
EndProject
Project("{FAE04EC0-301F-11D3-BF4B-00C04F79EFBC}") = "YYG.Entity", "YYG.Entity\YYG.Entity.csproj", "{DA7092D2-ABA4-4473-B9D0-4D1810C383B5}"
EndProject
Project("{FAE04EC0-301F-11D3-BF4B-00C04F79EFBC}") = "YYG.DTO", "YYG.DTO\YYG.DTO.csproj", "{27FE3646-66A7-4E98-A40C-2A736E7BBCD8}"
EndProject
Project("{FAE04EC0-301F-11D3-BF4B-00C04F79EFBC}") = "YYG.Repository", "YYG.Repository\YYG.Repository.csproj", "{6A7F2275-C36D-4F31-81C3-220A67C13B60}"
EndProject
Project("{FAE04EC0-301F-11D3-BF4B-00C04F79EFBC}") = "YYG.Business", "YYG.Business\YYG.Business.csproj", "{7DA97BE2-FFC3-4A21-A041-6AC7D6F8F169}"
	ProjectSection(ProjectDependencies) = postProject
		{27FE3646-66A7-4E98-A40C-2A736E7BBCD8} = {27FE3646-66A7-4E98-A40C-2A736E7BBCD8}
		{DA7092D2-ABA4-4473-B9D0-4D1810C383B5} = {DA7092D2-ABA4-4473-B9D0-4D1810C383B5}
		{6EAE58E3-1246-4ACC-A5C4-64E3EBFFE813} = {6EAE58E3-1246-4ACC-A5C4-64E3EBFFE813}
	EndProjectSection
EndProject
Project("{FAE04EC0-301F-11D3-BF4B-00C04F79EFBC}") = "YYG.IRepository", "YYG.IRepository\YYG.IRepository.csproj", "{6EAE58E3-1246-4ACC-A5C4-64E3EBFFE813}"
EndProject
Project("{FAE04EC0-301F-11D3-BF4B-00C04F79EFBC}") = "YYG.WCF", "YYG.WCF\YYG.WCF.csproj", "{67E91470-1143-4917-AB64-0B4B3DF3448E}"
	ProjectSection(ProjectDependencies) = postProject
		{27FE3646-66A7-4E98-A40C-2A736E7BBCD8} = {27FE3646-66A7-4E98-A40C-2A736E7BBCD8}
		{7DA97BE2-FFC3-4A21-A041-6AC7D6F8F169} = {7DA97BE2-FFC3-4A21-A041-6AC7D6F8F169}
	EndProjectSection
EndProject
Project("{FAE04EC0-301F-11D3-BF4B-00C04F79EFBC}") = "YYG.Core", "YYG.Core\YYG.Core.csproj", "{7D32C5E7-EAA7-474B-9464-FE5F429C812E}"
EndProject
Project("{FAE04EC0-301F-11D3-BF4B-00C04F79EFBC}") = "YYG.DAL", "YYG.DAL\YYG.DAL.csproj", "{0FE7415C-051D-43F0-993B-16ACB0C092F3}"
EndProject
Project("{FAE04EC0-301F-11D3-BF4B-00C04F79EFBC}") = "YYG.Framework", "YYG.Framework\YYG.Framework.csproj", "{2D084D46-3122-4900-AF9A-96CEDB01D2F1}"
EndProject
Project("{FAE04EC0-301F-11D3-BF4B-00C04F79EFBC}") = "YYG.WinServer", "YYG.WinServer\YYG.WinServer.csproj", "{88434F91-E85E-48E7-94DA-43050E3C3647}"
EndProject
Project("{FAE04EC0-301F-11D3-BF4B-00C04F79EFBC}") = "YYG.DAL.Facade", "YYG.DAL.Facade\YYG.DAL.Facade.csproj", "{2AF25E94-D26B-4657-8543-C8ACEC7FB957}"
EndProject
Project("{2150E333-8FDC-42A3-9474-1A3956D46DE8}") = "数据访问层", "数据访问层", "{012D23AB-5992-421A-A6EC-65121F305A13}"
EndProject
Project("{2150E333-8FDC-42A3-9474-1A3956D46DE8}") = "业务逻辑层", "业务逻辑层", "{C99F3577-DDEA-4E66-8B8D-052CA874615E}"
EndProject
Project("{2150E333-8FDC-42A3-9474-1A3956D46DE8}") = "公共基础层", "公共基础层", "{ADB22739-190A-4BAF-99AA-7C9D804EFD98}"
EndProject
Project("{2150E333-8FDC-42A3-9474-1A3956D46DE8}") = "实体数据层", "实体数据层", "{FCF21118-0307-4246-9AA5-C801EB26F762}"
EndProject
Project("{FAE04EC0-301F-11D3-BF4B-00C04F79EFBC}") = "YYG.Common.Data", "YYG.Common.Data\YYG.Common.Data.csproj", "{1410A0E0-A51E-47F8-8860-2CF30614540C}"
EndProject
Global
	GlobalSection(SolutionConfigurationPlatforms) = preSolution
		Debug|Any CPU = Debug|Any CPU
		Release|Any CPU = Release|Any CPU
	EndGlobalSection
	GlobalSection(ProjectConfigurationPlatforms) = postSolution
		{EF454C0D-210B-4C15-817B-A578FE3F88E4}.Debug|Any CPU.ActiveCfg = Debug|Any CPU
		{EF454C0D-210B-4C15-817B-A578FE3F88E4}.Debug|Any CPU.Build.0 = Debug|Any CPU
		{EF454C0D-210B-4C15-817B-A578FE3F88E4}.Release|Any CPU.ActiveCfg = Release|Any CPU
		{EF454C0D-210B-4C15-817B-A578FE3F88E4}.Release|Any CPU.Build.0 = Release|Any CPU
		{FB69845E-76BC-4BEF-B387-6DBE7CE43A54}.Debug|Any CPU.ActiveCfg = Debug|Any CPU
		{FB69845E-76BC-4BEF-B387-6DBE7CE43A54}.Debug|Any CPU.Build.0 = Debug|Any CPU
		{FB69845E-76BC-4BEF-B387-6DBE7CE43A54}.Release|Any CPU.ActiveCfg = Release|Any CPU
		{FB69845E-76BC-4BEF-B387-6DBE7CE43A54}.Release|Any CPU.Build.0 = Release|Any CPU
		{2E87F9F5-94A3-4E2D-8097-AAF4FBAC5E6F}.Debug|Any CPU.ActiveCfg = Debug|Any CPU
		{2E87F9F5-94A3-4E2D-8097-AAF4FBAC5E6F}.Debug|Any CPU.Build.0 = Debug|Any CPU
		{2E87F9F5-94A3-4E2D-8097-AAF4FBAC5E6F}.Release|Any CPU.ActiveCfg = Release|Any CPU
		{2E87F9F5-94A3-4E2D-8097-AAF4FBAC5E6F}.Release|Any CPU.Build.0 = Release|Any CPU
		{DA7092D2-ABA4-4473-B9D0-4D1810C383B5}.Debug|Any CPU.ActiveCfg = Debug|Any CPU
		{DA7092D2-ABA4-4473-B9D0-4D1810C383B5}.Debug|Any CPU.Build.0 = Debug|Any CPU
		{DA7092D2-ABA4-4473-B9D0-4D1810C383B5}.Release|Any CPU.ActiveCfg = Release|Any CPU
		{DA7092D2-ABA4-4473-B9D0-4D1810C383B5}.Release|Any CPU.Build.0 = Release|Any CPU
		{27FE3646-66A7-4E98-A40C-2A736E7BBCD8}.Debug|Any CPU.ActiveCfg = Debug|Any CPU
		{27FE3646-66A7-4E98-A40C-2A736E7BBCD8}.Debug|Any CPU.Build.0 = Debug|Any CPU
		{27FE3646-66A7-4E98-A40C-2A736E7BBCD8}.Release|Any CPU.ActiveCfg = Release|Any CPU
		{27FE3646-66A7-4E98-A40C-2A736E7BBCD8}.Release|Any CPU.Build.0 = Release|Any CPU
		{6A7F2275-C36D-4F31-81C3-220A67C13B60}.Debug|Any CPU.ActiveCfg = Debug|Any CPU
		{6A7F2275-C36D-4F31-81C3-220A67C13B60}.Debug|Any CPU.Build.0 = Debug|Any CPU
		{6A7F2275-C36D-4F31-81C3-220A67C13B60}.Release|Any CPU.ActiveCfg = Release|Any CPU
		{6A7F2275-C36D-4F31-81C3-220A67C13B60}.Release|Any CPU.Build.0 = Release|Any CPU
		{7DA97BE2-FFC3-4A21-A041-6AC7D6F8F169}.Debug|Any CPU.ActiveCfg = Debug|Any CPU
		{7DA97BE2-FFC3-4A21-A041-6AC7D6F8F169}.Debug|Any CPU.Build.0 = Debug|Any CPU
		{7DA97BE2-FFC3-4A21-A041-6AC7D6F8F169}.Release|Any CPU.ActiveCfg = Release|Any CPU
		{7DA97BE2-FFC3-4A21-A041-6AC7D6F8F169}.Release|Any CPU.Build.0 = Release|Any CPU
		{6EAE58E3-1246-4ACC-A5C4-64E3EBFFE813}.Debug|Any CPU.ActiveCfg = Debug|Any CPU
		{6EAE58E3-1246-4ACC-A5C4-64E3EBFFE813}.Debug|Any CPU.Build.0 = Debug|Any CPU
		{6EAE58E3-1246-4ACC-A5C4-64E3EBFFE813}.Release|Any CPU.ActiveCfg = Release|Any CPU
		{6EAE58E3-1246-4ACC-A5C4-64E3EBFFE813}.Release|Any CPU.Build.0 = Release|Any CPU
		{67E91470-1143-4917-AB64-0B4B3DF3448E}.Debug|Any CPU.ActiveCfg = Debug|Any CPU
		{67E91470-1143-4917-AB64-0B4B3DF3448E}.Debug|Any CPU.Build.0 = Debug|Any CPU
		{67E91470-1143-4917-AB64-0B4B3DF3448E}.Release|Any CPU.ActiveCfg = Release|Any CPU
		{67E91470-1143-4917-AB64-0B4B3DF3448E}.Release|Any CPU.Build.0 = Release|Any CPU
		{7D32C5E7-EAA7-474B-9464-FE5F429C812E}.Debug|Any CPU.ActiveCfg = Debug|Any CPU
		{7D32C5E7-EAA7-474B-9464-FE5F429C812E}.Debug|Any CPU.Build.0 = Debug|Any CPU
		{7D32C5E7-EAA7-474B-9464-FE5F429C812E}.Release|Any CPU.ActiveCfg = Release|Any CPU
		{7D32C5E7-EAA7-474B-9464-FE5F429C812E}.Release|Any CPU.Build.0 = Release|Any CPU
		{0FE7415C-051D-43F0-993B-16ACB0C092F3}.Debug|Any CPU.ActiveCfg = Debug|Any CPU
		{0FE7415C-051D-43F0-993B-16ACB0C092F3}.Debug|Any CPU.Build.0 = Debug|Any CPU
		{0FE7415C-051D-43F0-993B-16ACB0C092F3}.Release|Any CPU.ActiveCfg = Release|Any CPU
		{0FE7415C-051D-43F0-993B-16ACB0C092F3}.Release|Any CPU.Build.0 = Release|Any CPU
		{2D084D46-3122-4900-AF9A-96CEDB01D2F1}.Debug|Any CPU.ActiveCfg = Debug|Any CPU
		{2D084D46-3122-4900-AF9A-96CEDB01D2F1}.Debug|Any CPU.Build.0 = Debug|Any CPU
		{2D084D46-3122-4900-AF9A-96CEDB01D2F1}.Release|Any CPU.ActiveCfg = Release|Any CPU
		{2D084D46-3122-4900-AF9A-96CEDB01D2F1}.Release|Any CPU.Build.0 = Release|Any CPU
		{88434F91-E85E-48E7-94DA-43050E3C3647}.Debug|Any CPU.ActiveCfg = Debug|Any CPU
		{88434F91-E85E-48E7-94DA-43050E3C3647}.Debug|Any CPU.Build.0 = Debug|Any CPU
		{88434F91-E85E-48E7-94DA-43050E3C3647}.Release|Any CPU.ActiveCfg = Release|Any CPU
		{88434F91-E85E-48E7-94DA-43050E3C3647}.Release|Any CPU.Build.0 = Release|Any CPU
		{2AF25E94-D26B-4657-8543-C8ACEC7FB957}.Debug|Any CPU.ActiveCfg = Debug|Any CPU
		{2AF25E94-D26B-4657-8543-C8ACEC7FB957}.Debug|Any CPU.Build.0 = Debug|Any CPU
		{2AF25E94-D26B-4657-8543-C8ACEC7FB957}.Release|Any CPU.ActiveCfg = Release|Any CPU
		{2AF25E94-D26B-4657-8543-C8ACEC7FB957}.Release|Any CPU.Build.0 = Release|Any CPU
		{1410A0E0-A51E-47F8-8860-2CF30614540C}.Debug|Any CPU.ActiveCfg = Debug|Any CPU
		{1410A0E0-A51E-47F8-8860-2CF30614540C}.Debug|Any CPU.Build.0 = Debug|Any CPU
		{1410A0E0-A51E-47F8-8860-2CF30614540C}.Release|Any CPU.ActiveCfg = Release|Any CPU
		{1410A0E0-A51E-47F8-8860-2CF30614540C}.Release|Any CPU.Build.0 = Release|Any CPU
	EndGlobalSection
	GlobalSection(SolutionProperties) = preSolution
		HideSolutionNode = FALSE
	EndGlobalSection
	GlobalSection(NestedProjects) = preSolution
		{EF454C0D-210B-4C15-817B-A578FE3F88E4} = {7F73062C-5D88-4D56-92DF-9C100C815105}
		{FB69845E-76BC-4BEF-B387-6DBE7CE43A54} = {7F73062C-5D88-4D56-92DF-9C100C815105}
		{2E87F9F5-94A3-4E2D-8097-AAF4FBAC5E6F} = {7F73062C-5D88-4D56-92DF-9C100C815105}
		{DA7092D2-ABA4-4473-B9D0-4D1810C383B5} = {FCF21118-0307-4246-9AA5-C801EB26F762}
		{27FE3646-66A7-4E98-A40C-2A736E7BBCD8} = {FCF21118-0307-4246-9AA5-C801EB26F762}
		{6A7F2275-C36D-4F31-81C3-220A67C13B60} = {012D23AB-5992-421A-A6EC-65121F305A13}
		{7DA97BE2-FFC3-4A21-A041-6AC7D6F8F169} = {C99F3577-DDEA-4E66-8B8D-052CA874615E}
		{6EAE58E3-1246-4ACC-A5C4-64E3EBFFE813} = {012D23AB-5992-421A-A6EC-65121F305A13}
		{67E91470-1143-4917-AB64-0B4B3DF3448E} = {7F73062C-5D88-4D56-92DF-9C100C815105}
		{7D32C5E7-EAA7-474B-9464-FE5F429C812E} = {ADB22739-190A-4BAF-99AA-7C9D804EFD98}
		{0FE7415C-051D-43F0-993B-16ACB0C092F3} = {012D23AB-5992-421A-A6EC-65121F305A13}
		{2D084D46-3122-4900-AF9A-96CEDB01D2F1} = {ADB22739-190A-4BAF-99AA-7C9D804EFD98}
		{88434F91-E85E-48E7-94DA-43050E3C3647} = {7F73062C-5D88-4D56-92DF-9C100C815105}
		{2AF25E94-D26B-4657-8543-C8ACEC7FB957} = {012D23AB-5992-421A-A6EC-65121F305A13}
		{1410A0E0-A51E-47F8-8860-2CF30614540C} = {FCF21118-0307-4246-9AA5-C801EB26F762}
	EndGlobalSection
EndGlobal
